// !$*UTF8*$!
{
	archiveVersion = 1;
	classes = {
	};
	objectVersion = 46;
	objects = {

/* Begin PBXBuildFile section */
		A44D150D18CC16B00039A75A /* Foundation.framework in Frameworks */ = {isa = PBXBuildFile; fileRef = A44D150C18CC16B00039A75A /* Foundation.framework */; };
		A44D150F18CC16B00039A75A /* CoreGraphics.framework in Frameworks */ = {isa = PBXBuildFile; fileRef = A44D150E18CC16B00039A75A /* CoreGraphics.framework */; };
		A44D151118CC16B00039A75A /* UIKit.framework in Frameworks */ = {isa = PBXBuildFile; fileRef = A44D151018CC16B00039A75A /* UIKit.framework */; };
		A44D151718CC16B00039A75A /* InfoPlist.strings in Resources */ = {isa = PBXBuildFile; fileRef = A44D151518CC16B00039A75A /* InfoPlist.strings */; };
		A44D151918CC16B00039A75A /* main.m in Sources */ = {isa = PBXBuildFile; fileRef = A44D151818CC16B00039A75A /* main.m */; };
		A44D151D18CC16B00039A75A /* PokesonAppDelegate.m in Sources */ = {isa = PBXBuildFile; fileRef = A44D151C18CC16B00039A75A /* PokesonAppDelegate.m */; };
		A44D152018CC16B00039A75A /* Main.storyboard in Resources */ = {isa = PBXBuildFile; fileRef = A44D151E18CC16B00039A75A /* Main.storyboard */; };
		A44D152318CC16B00039A75A /* TestingMultiProgressViewController.m in Sources */ = {isa = PBXBuildFile; fileRef = A44D152218CC16B00039A75A /* TestingMultiProgressViewController.m */; };
		A44D152518CC16B00039A75A /* Images.xcassets in Resources */ = {isa = PBXBuildFile; fileRef = A44D152418CC16B00039A75A /* Images.xcassets */; };
		A44D152C18CC16B00039A75A /* XCTest.framework in Frameworks */ = {isa = PBXBuildFile; fileRef = A44D152B18CC16B00039A75A /* XCTest.framework */; };
		A44D152D18CC16B00039A75A /* Foundation.framework in Frameworks */ = {isa = PBXBuildFile; fileRef = A44D150C18CC16B00039A75A /* Foundation.framework */; };
		A44D152E18CC16B00039A75A /* UIKit.framework in Frameworks */ = {isa = PBXBuildFile; fileRef = A44D151018CC16B00039A75A /* UIKit.framework */; };
		A44D153618CC16B00039A75A /* InfoPlist.strings in Resources */ = {isa = PBXBuildFile; fileRef = A44D153418CC16B00039A75A /* InfoPlist.strings */; };
		A44D153818CC16B00039A75A /* pokeson_CrusoeTests.m in Sources */ = {isa = PBXBuildFile; fileRef = A44D153718CC16B00039A75A /* pokeson_CrusoeTests.m */; };
		A44D154318CC17BF0039A75A /* MultiProgressView.m in Sources */ = {isa = PBXBuildFile; fileRef = A44D154218CC17BF0039A75A /* MultiProgressView.m */; };
		A46E38A918CC8D0B00548A2B /* AllCreaturesTableViewController.m in Sources */ = {isa = PBXBuildFile; fileRef = A46E38A818CC8D0B00548A2B /* AllCreaturesTableViewController.m */; };
		A46E38AC18CC910A00548A2B /* Pokeson.m in Sources */ = {isa = PBXBuildFile; fileRef = A46E38AB18CC910A00548A2B /* Pokeson.m */; };
		A46E38AF18CC9FE900548A2B /* PokesonPopulation.m in Sources */ = {isa = PBXBuildFile; fileRef = A46E38AE18CC9FE900548A2B /* PokesonPopulation.m */; };
		A46E38B218CCA4F700548A2B /* bat thing.png in Resources */ = {isa = PBXBuildFile; fileRef = A46E38B018CCA4F700548A2B /* bat thing.png */; };
		A46E38B318CCA4F700548A2B /* dinosaur.png in Resources */ = {isa = PBXBuildFile; fileRef = A46E38B118CCA4F700548A2B /* dinosaur.png */; };
/* End PBXBuildFile section */

/* Begin PBXContainerItemProxy section */
		A44D152F18CC16B00039A75A /* PBXContainerItemProxy */ = {
			isa = PBXContainerItemProxy;
			containerPortal = A44D150118CC16B00039A75A /* Project object */;
			proxyType = 1;
			remoteGlobalIDString = A44D150818CC16B00039A75A;
			remoteInfo = "pokeson Crusoe";
		};
/* End PBXContainerItemProxy section */

/* Begin PBXFileReference section */
		A44D150918CC16B00039A75A /* pokeson Crusoe.app */ = {isa = PBXFileReference; explicitFileType = wrapper.application; includeInIndex = 0; path = "pokeson Crusoe.app"; sourceTree = BUILT_PRODUCTS_DIR; };
		A44D150C18CC16B00039A75A /* Foundation.framework */ = {isa = PBXFileReference; lastKnownFileType = wrapper.framework; name = Foundation.framework; path = System/Library/Frameworks/Foundation.framework; sourceTree = SDKROOT; };
		A44D150E18CC16B00039A75A /* CoreGraphics.framework */ = {isa = PBXFileReference; lastKnownFileType = wrapper.framework; name = CoreGraphics.framework; path = System/Library/Frameworks/CoreGraphics.framework; sourceTree = SDKROOT; };
		A44D151018CC16B00039A75A /* UIKit.framework */ = {isa = PBXFileReference; lastKnownFileType = wrapper.framework; name = UIKit.framework; path = System/Library/Frameworks/UIKit.framework; sourceTree = SDKROOT; };
		A44D151418CC16B00039A75A /* pokeson Crusoe-Info.plist */ = {isa = PBXFileReference; lastKnownFileType = text.plist.xml; path = "pokeson Crusoe-Info.plist"; sourceTree = "<group>"; };
		A44D151618CC16B00039A75A /* en */ = {isa = PBXFileReference; lastKnownFileType = text.plist.strings; name = en; path = en.lproj/InfoPlist.strings; sourceTree = "<group>"; };
		A44D151818CC16B00039A75A /* main.m */ = {isa = PBXFileReference; lastKnownFileType = sourcecode.c.objc; path = main.m; sourceTree = "<group>"; };
		A44D151A18CC16B00039A75A /* pokeson Crusoe-Prefix.pch */ = {isa = PBXFileReference; lastKnownFileType = sourcecode.c.h; path = "pokeson Crusoe-Prefix.pch"; sourceTree = "<group>"; };
		A44D151B18CC16B00039A75A /* PokesonAppDelegate.h */ = {isa = PBXFileReference; lastKnownFileType = sourcecode.c.h; path = PokesonAppDelegate.h; sourceTree = "<group>"; };
		A44D151C18CC16B00039A75A /* PokesonAppDelegate.m */ = {isa = PBXFileReference; lastKnownFileType = sourcecode.c.objc; path = PokesonAppDelegate.m; sourceTree = "<group>"; };
		A44D151F18CC16B00039A75A /* Base */ = {isa = PBXFileReference; lastKnownFileType = file.storyboard; name = Base; path = Base.lproj/Main.storyboard; sourceTree = "<group>"; };
		A44D152118CC16B00039A75A /* TestingMultiProgressViewController.h */ = {isa = PBXFileReference; lastKnownFileType = sourcecode.c.h; path = TestingMultiProgressViewController.h; sourceTree = "<group>"; };
		A44D152218CC16B00039A75A /* TestingMultiProgressViewController.m */ = {isa = PBXFileReference; lastKnownFileType = sourcecode.c.objc; path = TestingMultiProgressViewController.m; sourceTree = "<group>"; };
		A44D152418CC16B00039A75A /* Images.xcassets */ = {isa = PBXFileReference; lastKnownFileType = folder.assetcatalog; path = Images.xcassets; sourceTree = "<group>"; };
		A44D152A18CC16B00039A75A /* pokeson CrusoeTests.xctest */ = {isa = PBXFileReference; explicitFileType = wrapper.cfbundle; includeInIndex = 0; path = "pokeson CrusoeTests.xctest"; sourceTree = BUILT_PRODUCTS_DIR; };
		A44D152B18CC16B00039A75A /* XCTest.framework */ = {isa = PBXFileReference; lastKnownFileType = wrapper.framework; name = XCTest.framework; path = Library/Frameworks/XCTest.framework; sourceTree = DEVELOPER_DIR; };
		A44D153318CC16B00039A75A /* pokeson CrusoeTests-Info.plist */ = {isa = PBXFileReference; lastKnownFileType = text.plist.xml; path = "pokeson CrusoeTests-Info.plist"; sourceTree = "<group>"; };
		A44D153518CC16B00039A75A /* en */ = {isa = PBXFileReference; lastKnownFileType = text.plist.strings; name = en; path = en.lproj/InfoPlist.strings; sourceTree = "<group>"; };
		A44D153718CC16B00039A75A /* pokeson_CrusoeTests.m */ = {isa = PBXFileReference; lastKnownFileType = sourcecode.c.objc; path = pokeson_CrusoeTests.m; sourceTree = "<group>"; };
		A44D154118CC17BF0039A75A /* MultiProgressView.h */ = {isa = PBXFileReference; fileEncoding = 4; lastKnownFileType = sourcecode.c.h; path = MultiProgressView.h; sourceTree = "<group>"; };
		A44D154218CC17BF0039A75A /* MultiProgressView.m */ = {isa = PBXFileReference; fileEncoding = 4; lastKnownFileType = sourcecode.c.objc; path = MultiProgressView.m; sourceTree = "<group>"; };
		A46E38A718CC8D0B00548A2B /* AllCreaturesTableViewController.h */ = {isa = PBXFileReference; fileEncoding = 4; lastKnownFileType = sourcecode.c.h; path = AllCreaturesTableViewController.h; sourceTree = "<group>"; };
		A46E38A818CC8D0B00548A2B /* AllCreaturesTableViewController.m */ = {isa = PBXFileReference; fileEncoding = 4; lastKnownFileType = sourcecode.c.objc; path = AllCreaturesTableViewController.m; sourceTree = "<group>"; };
		A46E38AA18CC910A00548A2B /* Pokeson.h */ = {isa = PBXFileReference; fileEncoding = 4; lastKnownFileType = sourcecode.c.h; path = Pokeson.h; sourceTree = "<group>"; };
		A46E38AB18CC910A00548A2B /* Pokeson.m */ = {isa = PBXFileReference; fileEncoding = 4; lastKnownFileType = sourcecode.c.objc; path = Pokeson.m; sourceTree = "<group>"; };
		A46E38AD18CC9FE900548A2B /* PokesonPopulation.h */ = {isa = PBXFileReference; fileEncoding = 4; lastKnownFileType = sourcecode.c.h; path = PokesonPopulation.h; sourceTree = "<group>"; };
		A46E38AE18CC9FE900548A2B /* PokesonPopulation.m */ = {isa = PBXFileReference; fileEncoding = 4; lastKnownFileType = sourcecode.c.objc; path = PokesonPopulation.m; sourceTree = "<group>"; };
		A46E38B018CCA4F700548A2B /* bat thing.png */ = {isa = PBXFileReference; lastKnownFileType = image.png; path = "bat thing.png"; sourceTree = "<group>"; };
		A46E38B118CCA4F700548A2B /* dinosaur.png */ = {isa = PBXFileReference; lastKnownFileType = image.png; path = dinosaur.png; sourceTree = "<group>"; };
/* End PBXFileReference section */

/* Begin PBXFrameworksBuildPhase section */
		A44D150618CC16B00039A75A /* Frameworks */ = {
			isa = PBXFrameworksBuildPhase;
			buildActionMask = 2147483647;
			files = (
				A44D150F18CC16B00039A75A /* CoreGraphics.framework in Frameworks */,
				A44D151118CC16B00039A75A /* UIKit.framework in Frameworks */,
				A44D150D18CC16B00039A75A /* Foundation.framework in Frameworks */,
			);
			runOnlyForDeploymentPostprocessing = 0;
		};
		A44D152718CC16B00039A75A /* Frameworks */ = {
			isa = PBXFrameworksBuildPhase;
			buildActionMask = 2147483647;
			files = (
				A44D152C18CC16B00039A75A /* XCTest.framework in Frameworks */,
				A44D152E18CC16B00039A75A /* UIKit.framework in Frameworks */,
				A44D152D18CC16B00039A75A /* Foundation.framework in Frameworks */,
			);
			runOnlyForDeploymentPostprocessing = 0;
		};
/* End PBXFrameworksBuildPhase section */

/* Begin PBXGroup section */
		A44D150018CC16B00039A75A = {
			isa = PBXGroup;
			children = (
				A44D151218CC16B00039A75A /* pokeson Crusoe */,
			);
			sourceTree = "<group>";
		};
		A44D150A18CC16B00039A75A /* Products */ = {
			isa = PBXGroup;
			children = (
				A44D150918CC16B00039A75A /* pokeson Crusoe.app */,
				A44D152A18CC16B00039A75A /* pokeson CrusoeTests.xctest */,
			);
			name = Products;
			path = ..;
			sourceTree = "<group>";
		};
		A44D150B18CC16B00039A75A /* Frameworks */ = {
			isa = PBXGroup;
			children = (
				A44D150C18CC16B00039A75A /* Foundation.framework */,
				A44D150E18CC16B00039A75A /* CoreGraphics.framework */,
				A44D151018CC16B00039A75A /* UIKit.framework */,
				A44D152B18CC16B00039A75A /* XCTest.framework */,
			);
			name = Frameworks;
			path = ..;
			sourceTree = "<group>";
		};
		A44D151218CC16B00039A75A /* pokeson Crusoe */ = {
			isa = PBXGroup;
			children = (
				A44D151E18CC16B00039A75A /* Main.storyboard */,
				A46E38A718CC8D0B00548A2B /* AllCreaturesTableViewController.h */,
				A46E38A818CC8D0B00548A2B /* AllCreaturesTableViewController.m */,
				A46E38AA18CC910A00548A2B /* Pokeson.h */,
				A46E38AB18CC910A00548A2B /* Pokeson.m */,
				A46E38AD18CC9FE900548A2B /* PokesonPopulation.h */,
				A46E38AE18CC9FE900548A2B /* PokesonPopulation.m */,
				A44D154118CC17BF0039A75A /* MultiProgressView.h */,
				A44D154218CC17BF0039A75A /* MultiProgressView.m */,
				A44D152118CC16B00039A75A /* TestingMultiProgressViewController.h */,
				A44D152218CC16B00039A75A /* TestingMultiProgressViewController.m */,
				A46E38B018CCA4F700548A2B /* bat thing.png */,
				A46E38B118CCA4F700548A2B /* dinosaur.png */,
				A44D151318CC16B00039A75A /* Supporting Files */,
			);
			path = "pokeson Crusoe";
			sourceTree = "<group>";
		};
		A44D151318CC16B00039A75A /* Supporting Files */ = {
			isa = PBXGroup;
			children = (
				A44D153118CC16B00039A75A /* pokeson CrusoeTests */,
				A44D150B18CC16B00039A75A /* Frameworks */,
				A44D150A18CC16B00039A75A /* Products */,
				A44D152418CC16B00039A75A /* Images.xcassets */,
				A44D151B18CC16B00039A75A /* PokesonAppDelegate.h */,
				A44D151C18CC16B00039A75A /* PokesonAppDelegate.m */,
				A44D151418CC16B00039A75A /* pokeson Crusoe-Info.plist */,
				A44D151518CC16B00039A75A /* InfoPlist.strings */,
				A44D151818CC16B00039A75A /* main.m */,
				A44D151A18CC16B00039A75A /* pokeson Crusoe-Prefix.pch */,
			);
			name = "Supporting Files";
			sourceTree = "<group>";
		};
		A44D153118CC16B00039A75A /* pokeson CrusoeTests */ = {
			isa = PBXGroup;
			children = (
				A44D153718CC16B00039A75A /* pokeson_CrusoeTests.m */,
				A44D153218CC16B00039A75A /* Supporting Files */,
			);
			path = "pokeson CrusoeTests";
			sourceTree = SOURCE_ROOT;
		};
		A44D153218CC16B00039A75A /* Supporting Files */ = {
			isa = PBXGroup;
			children = (
				A44D153318CC16B00039A75A /* pokeson CrusoeTests-Info.plist */,
				A44D153418CC16B00039A75A /* InfoPlist.strings */,
			);
			name = "Supporting Files";
			sourceTree = "<group>";
		};
/* End PBXGroup section */

/* Begin PBXNativeTarget section */
		A44D150818CC16B00039A75A /* pokeson Crusoe */ = {
			isa = PBXNativeTarget;
			buildConfigurationList = A44D153B18CC16B00039A75A /* Build configuration list for PBXNativeTarget "pokeson Crusoe" */;
			buildPhases = (
				A44D150518CC16B00039A75A /* Sources */,
				A44D150618CC16B00039A75A /* Frameworks */,
				A44D150718CC16B00039A75A /* Resources */,
			);
			buildRules = (
			);
			dependencies = (
			);
			name = "pokeson Crusoe";
			productName = "pokeson Crusoe";
			productReference = A44D150918CC16B00039A75A /* pokeson Crusoe.app */;
			productType = "com.apple.product-type.application";
		};
		A44D152918CC16B00039A75A /* pokeson CrusoeTests */ = {
			isa = PBXNativeTarget;
			buildConfigurationList = A44D153E18CC16B00039A75A /* Build configuration list for PBXNativeTarget "pokeson CrusoeTests" */;
			buildPhases = (
				A44D152618CC16B00039A75A /* Sources */,
				A44D152718CC16B00039A75A /* Frameworks */,
				A44D152818CC16B00039A75A /* Resources */,
			);
			buildRules = (
			);
			dependencies = (
				A44D153018CC16B00039A75A /* PBXTargetDependency */,
			);
			name = "pokeson CrusoeTests";
			productName = "pokeson CrusoeTests";
			productReference = A44D152A18CC16B00039A75A /* pokeson CrusoeTests.xctest */;
			productType = "com.apple.product-type.bundle.unit-test";
		};
/* End PBXNativeTarget section */

/* Begin PBXProject section */
		A44D150118CC16B00039A75A /* Project object */ = {
			isa = PBXProject;
			attributes = {
				CLASSPREFIX = Pokeson;
				LastUpgradeCheck = 0500;
				ORGANIZATIONNAME = "Felix King";
				TargetAttributes = {
					A44D152918CC16B00039A75A = {
						TestTargetID = A44D150818CC16B00039A75A;
					};
				};
			};
			buildConfigurationList = A44D150418CC16B00039A75A /* Build configuration list for PBXProject "pokeson Crusoe" */;
			compatibilityVersion = "Xcode 3.2";
			developmentRegion = English;
			hasScannedForEncodings = 0;
			knownRegions = (
				en,
				Base,
			);
			mainGroup = A44D150018CC16B00039A75A;
			productRefGroup = A44D150A18CC16B00039A75A /* Products */;
			projectDirPath = "";
			projectRoot = "";
			targets = (
				A44D150818CC16B00039A75A /* pokeson Crusoe */,
				A44D152918CC16B00039A75A /* pokeson CrusoeTests */,
			);
		};
/* End PBXProject section */

/* Begin PBXResourcesBuildPhase section */
		A44D150718CC16B00039A75A /* Resources */ = {
			isa = PBXResourcesBuildPhase;
			buildActionMask = 2147483647;
			files = (
				A46E38B318CCA4F700548A2B /* dinosaur.png in Resources */,
				A44D152518CC16B00039A75A /* Images.xcassets in Resources */,
				A46E38B218CCA4F700548A2B /* bat thing.png in Resources */,
				A44D151718CC16B00039A75A /* InfoPlist.strings in Resources */,
				A44D152018CC16B00039A75A /* Main.storyboard in Resources */,
			);
			runOnlyForDeploymentPostprocessing = 0;
		};
		A44D152818CC16B00039A75A /* Resources */ = {
			isa = PBXResourcesBuildPhase;
			buildActionMask = 2147483647;
			files = (
				A44D153618CC16B00039A75A /* InfoPlist.strings in Resources */,
			);
			runOnlyForDeploymentPostprocessing = 0;
		};
/* End PBXResourcesBuildPhase section */

/* Begin PBXSourcesBuildPhase section */
		A44D150518CC16B00039A75A /* Sources */ = {
			isa = PBXSourcesBuildPhase;
			buildActionMask = 2147483647;
			files = (
				A44D151D18CC16B00039A75A /* PokesonAppDelegate.m in Sources */,
				A46E38AF18CC9FE900548A2B /* PokesonPopulation.m in Sources */,
				A44D151918CC16B00039A75A /* main.m in Sources */,
				A44D154318CC17BF0039A75A /* MultiProgressView.m in Sources */,
				A46E38AC18CC910A00548A2B /* Pokeson.m in Sources */,
				A44D152318CC16B00039A75A /* TestingMultiProgressViewController.m in Sources */,
				A46E38A918CC8D0B00548A2B /* AllCreaturesTableViewController.m in Sources */,
			);
			runOnlyForDeploymentPostprocessing = 0;
		};
		A44D152618CC16B00039A75A /* Sources */ = {
			isa = PBXSourcesBuildPhase;
			buildActionMask = 2147483647;
			files = (
				A44D153818CC16B00039A75A /* pokeson_CrusoeTests.m in Sources */,
			);
			runOnlyForDeploymentPostprocessing = 0;
		};
/* End PBXSourcesBuildPhase section */

/* Begin PBXTargetDependency section */
		A44D153018CC16B00039A75A /* PBXTargetDependency */ = {
			isa = PBXTargetDependency;
			target = A44D150818CC16B00039A75A /* pokeson Crusoe */;
			targetProxy = A44D152F18CC16B00039A75A /* PBXContainerItemProxy */;
		};
/* End PBXTargetDependency section */

/* Begin PBXVariantGroup section */
		A44D151518CC16B00039A75A /* InfoPlist.strings */ = {
			isa = PBXVariantGroup;
			children = (
				A44D151618CC16B00039A75A /* en */,
			);
			name = InfoPlist.strings;
			sourceTree = "<group>";
		};
		A44D151E18CC16B00039A75A /* Main.storyboard */ = {
			isa = PBXVariantGroup;
			children = (
				A44D151F18CC16B00039A75A /* Base */,
			);
			name = Main.storyboard;
			sourceTree = "<group>";
		};
		A44D153418CC16B00039A75A /* InfoPlist.strings */ = {
			isa = PBXVariantGroup;
			children = (
				A44D153518CC16B00039A75A /* en */,
			);
			name = InfoPlist.strings;
			sourceTree = "<group>";
		};
/* End PBXVariantGroup section */

/* Begin XCBuildConfiguration section */
		A44D153918CC16B00039A75A /* Debug */ = {
			isa = XCBuildConfiguration;
			buildSettings = {
				ALWAYS_SEARCH_USER_PATHS = NO;
				ARCHS = "$(ARCHS_STANDARD_INCLUDING_64_BIT)";
				CLANG_CXX_LANGUAGE_STANDARD = "gnu++0x";
				CLANG_CXX_LIBRARY = "libc++";
				CLANG_ENABLE_MODULES = YES;
				CLANG_ENABLE_OBJC_ARC = YES;
				CLANG_WARN_BOOL_CONVERSION = YES;
				CLANG_WARN_CONSTANT_CONVERSION = YES;
				CLANG_WARN_DIRECT_OBJC_ISA_USAGE = YES_ERROR;
				CLANG_WARN_EMPTY_BODY = YES;
				CLANG_WARN_ENUM_CONVERSION = YES;
				CLANG_WARN_INT_CONVERSION = YES;
				CLANG_WARN_OBJC_ROOT_CLASS = YES_ERROR;
				CLANG_WARN__DUPLICATE_METHOD_MATCH = YES;
				"CODE_SIGN_IDENTITY[sdk=iphoneos*]" = "iPhone Developer";
				COPY_PHASE_STRIP = NO;
				GCC_C_LANGUAGE_STANDARD = gnu99;
				GCC_DYNAMIC_NO_PIC = NO;
				GCC_OPTIMIZATION_LEVEL = 0;
				GCC_PREPROCESSOR_DEFINITIONS = (
					"DEBUG=1",
					"$(inherited)",
				);
				GCC_SYMBOLS_PRIVATE_EXTERN = NO;
				GCC_WARN_64_TO_32_BIT_CONVERSION = YES;
				GCC_WARN_ABOUT_RETURN_TYPE = YES_ERROR;
				GCC_WARN_UNDECLARED_SELECTOR = YES;
				GCC_WARN_UNINITIALIZED_AUTOS = YES;
				GCC_WARN_UNUSED_FUNCTION = YES;
				GCC_WARN_UNUSED_VARIABLE = YES;
				IPHONEOS_DEPLOYMENT_TARGET = 7.0;
				ONLY_ACTIVE_ARCH = YES;
				SDKROOT = iphoneos;
			};
			name = Debug;
		};
		A44D153A18CC16B00039A75A /* Release */ = {
			isa = XCBuildConfiguration;
			buildSettings = {
				ALWAYS_SEARCH_USER_PATHS = NO;
				ARCHS = "$(ARCHS_STANDARD_INCLUDING_64_BIT)";
				CLANG_CXX_LANGUAGE_STANDARD = "gnu++0x";
				CLANG_CXX_LIBRARY = "libc++";
				CLANG_ENABLE_MODULES = YES;
				CLANG_ENABLE_OBJC_ARC = YES;
				CLANG_WARN_BOOL_CONVERSION = YES;
				CLANG_WARN_CONSTANT_CONVERSION = YES;
				CLANG_WARN_DIRECT_OBJC_ISA_USAGE = YES_ERROR;
				CLANG_WARN_EMPTY_BODY = YES;
				CLANG_WARN_ENUM_CONVERSION = YES;
				CLANG_WARN_INT_CONVERSION = YES;
				CLANG_WARN_OBJC_ROOT_CLASS = YES_ERROR;
				CLANG_WARN__DUPLICATE_METHOD_MATCH = YES;
				"CODE_SIGN_IDENTITY[sdk=iphoneos*]" = "iPhone Developer";
				COPY_PHASE_STRIP = YES;
				ENABLE_NS_ASSERTIONS = NO;
				GCC_C_LANGUAGE_STANDARD = gnu99;
				GCC_WARN_64_TO_32_BIT_CONVERSION = YES;
				GCC_WARN_ABOUT_RETURN_TYPE = YES_ERROR;
				GCC_WARN_UNDECLARED_SELECTOR = YES;
				GCC_WARN_UNINITIALIZED_AUTOS = YES;
				GCC_WARN_UNUSED_FUNCTION = YES;
				GCC_WARN_UNUSED_VARIABLE = YES;
				IPHONEOS_DEPLOYMENT_TARGET = 7.0;
				SDKROOT = iphoneos;
				VALIDATE_PRODUCT = YES;
			};
			name = Release;
		};
		A44D153C18CC16B00039A75A /* Debug */ = {
			isa = XCBuildConfiguration;
			buildSettings = {
				ASSETCATALOG_COMPILER_APPICON_NAME = AppIcon;
				ASSETCATALOG_COMPILER_LAUNCHIMAGE_NAME = LaunchImage;
				GCC_PRECOMPILE_PREFIX_HEADER = YES;
				GCC_PREFIX_HEADER = "pokeson Crusoe/pokeson Crusoe-Prefix.pch";
				INFOPLIST_FILE = "pokeson Crusoe/pokeson Crusoe-Info.plist";
				PRODUCT_NAME = "$(TARGET_NAME)";
				WRAPPER_EXTENSION = app;
			};
			name = Debug;
		};
		A44D153D18CC16B00039A75A /* Release */ = {
			isa = XCBuildConfiguration;
			buildSettings = {
				ASSETCATALOG_COMPILER_APPICON_NAME = AppIcon;
				ASSETCATALOG_COMPILER_LAUNCHIMAGE_NAME = LaunchImage;
				GCC_PRECOMPILE_PREFIX_HEADER = YES;
				GCC_PREFIX_HEADER = "pokeson Crusoe/pokeson Crusoe-Prefix.pch";
				INFOPLIST_FILE = "pokeson Crusoe/pokeson Crusoe-Info.plist";
				PRODUCT_NAME = "$(TARGET_NAME)";
				WRAPPER_EXTENSION = app;
			};
			name = Release;
		};
		A44D153F18CC16B00039A75A /* Debug */ = {
			isa = XCBuildConfiguration;
			buildSettings = {
				ARCHS = "$(ARCHS_STANDARD_INCLUDING_64_BIT)";
				BUNDLE_LOADER = "$(BUILT_PRODUCTS_DIR)/pokeson Crusoe.app/pokeson Crusoe";
				FRAMEWORK_SEARCH_PATHS = (
					"$(SDKROOT)/Developer/Library/Frameworks",
					"$(inherited)",
					"$(DEVELOPER_FRAMEWORKS_DIR)",
				);
				GCC_PRECOMPILE_PREFIX_HEADER = YES;
				GCC_PREFIX_HEADER = "pokeson Crusoe/pokeson Crusoe-Prefix.pch";
				GCC_PREPROCESSOR_DEFINITIONS = (
					"DEBUG=1",
					"$(inherited)",
				);
				INFOPLIST_FILE = "pokeson CrusoeTests/pokeson CrusoeTests-Info.plist";
				PRODUCT_NAME = "$(TARGET_NAME)";
				TEST_HOST = "$(BUNDLE_LOADER)";
				WRAPPER_EXTENSION = xctest;
			};
			name = Debug;
		};
		A44D154018CC16B00039A75A /* Release */ = {
			isa = XCBuildConfiguration;
			buildSettings = {
				ARCHS = "$(ARCHS_STANDARD_INCLUDING_64_BIT)";
				BUNDLE_LOADER = "$(BUILT_PRODUCTS_DIR)/pokeson Crusoe.app/pokeson Crusoe";
				FRAMEWORK_SEARCH_PATHS = (
					"$(SDKROOT)/Developer/Library/Frameworks",
					"$(inherited)",
					"$(DEVELOPER_FRAMEWORKS_DIR)",
				);
				GCC_PRECOMPILE_PREFIX_HEADER = YES;
				GCC_PREFIX_HEADER = "pokeson Crusoe/pokeson Crusoe-Prefix.pch";
				INFOPLIST_FILE = "pokeson CrusoeTests/pokeson CrusoeTests-Info.plist";
				PRODUCT_NAME = "$(TARGET_NAME)";
				TEST_HOST = "$(BUNDLE_LOADER)";
				WRAPPER_EXTENSION = xctest;
			};
			name = Release;
		};
/* End XCBuildConfiguration section */

/* Begin XCConfigurationList section */
		A44D150418CC16B00039A75A /* Build configuration list for PBXProject "pokeson Crusoe" */ = {
			isa = XCConfigurationList;
			buildConfigurations = (
				A44D153918CC16B00039A75A /* Debug */,
				A44D153A18CC16B00039A75A /* Release */,
			);
			defaultConfigurationIsVisible = 0;
			defaultConfigurationName = Release;
		};
		A44D153B18CC16B00039A75A /* Build configuration list for PBXNativeTarget "pokeson Crusoe" */ = {
			isa = XCConfigurationList;
			buildConfigurations = (
				A44D153C18CC16B00039A75A /* Debug */,
				A44D153D18CC16B00039A75A /* Release */,
			);
			defaultConfigurationIsVisible = 0;
			defaultConfigurationName = Release;
		};
		A44D153E18CC16B00039A75A /* Build configuration list for PBXNativeTarget "pokeson CrusoeTests" */ = {
			isa = XCConfigurationList;
			buildConfigurations = (
				A44D153F18CC16B00039A75A /* Debug */,
				A44D154018CC16B00039A75A /* Release */,
			);
			defaultConfigurationIsVisible = 0;
			defaultConfigurationName = Release;
		};
/* End XCConfigurationList section */
	};
	rootObject = A44D150118CC16B00039A75A /* Project object */;
}
